<?xml version="1.0" encoding="utf-8"?>
<Project ToolsVersion="4.0" xmlns="http://schemas.microsoft.com/developer/msbuild/2003">
  <ItemGroup>
    <Filter Include="资源文件">
      <UniqueIdentifier>{67DA6AB6-F800-4c08-8B7A-83BB121AAD01}</UniqueIdentifier>
      <Extensions>rc;ico;cur;bmp;dlg;rc2;rct;bin;rgs;gif;jpg;jpeg;jpe;resx;tiff;tif;png;wav;mfcribbon-ms</Extensions>
    </Filter>
    <Filter Include="include">
      <UniqueIdentifier>{6387291b-5ae0-4899-8799-62db99708473}</UniqueIdentifier>
    </Filter>
    <Filter Include="src">
      <UniqueIdentifier>{bc877060-cda2-4a49-a64c-38b54071d079}</UniqueIdentifier>
    </Filter>
    <Filter Include="shader">
      <UniqueIdentifier>{49c3d15d-5f18-4d1c-8f32-27a71c951f51}</UniqueIdentifier>
    </Filter>
  </ItemGroup>
  <ItemGroup>
    <ClInclude Include="..\include\stb_image.h">
      <Filter>include</Filter>
    </ClInclude>
    <ClInclude Include="..\src\Effect.h">
      <Filter>src</Filter>
    </ClInclude>
    <ClInclude Include="..\src\Engine.h">
      <Filter>src</Filter>
    </ClInclude>
    <ClInclude Include="..\src\Shape.h">
      <Filter>src</Filter>
    </ClInclude>
    <ClInclude Include="..\src\Camera.h">
      <Filter>src</Filter>
    </ClInclude>
    <ClInclude Include="..\src\GameObject.h">
      <Filter>src</Filter>
    </ClInclude>
    <ClInclude Include="..\src\Resource.h">
      <Filter>src</Filter>
    </ClInclude>
  </ItemGroup>
  <ItemGroup>
    <None Include="..\shader\simplePS.glsl">
      <Filter>shader</Filter>
    </None>
    <None Include="..\shader\simpleVS.glsl">
      <Filter>shader</Filter>
    </None>
  </ItemGroup>
  <ItemGroup>
    <ClCompile Include="..\src\glad.c">
      <Filter>src</Filter>
    </ClCompile>
    <ClCompile Include="..\src\main.cpp">
      <Filter>src</Filter>
    </ClCompile>
    <ClCompile Include="..\src\Effect.cpp">
      <Filter>src</Filter>
    </ClCompile>
    <ClCompile Include="..\src\Engine.cpp">
      <Filter>src</Filter>
    </ClCompile>
    <ClCompile Include="..\src\Shape.cpp">
      <Filter>src</Filter>
    </ClCompile>
    <ClCompile Include="..\src\Camera.cpp">
      <Filter>src</Filter>
    </ClCompile>
    <ClCompile Include="..\src\GameObject.cpp">
      <Filter>src</Filter>
    </ClCompile>
    <ClCompile Include="..\src\Resource.cpp">
      <Filter>src</Filter>
    </ClCompile>
  </ItemGroup>
</Project>